
Microsoft Visual Studio Solution File, Format Version 12.00
Project("{FAE04EC0-301F-11D3-BF4B-00C04F79EFBC}") = "Sonic", "Sonic\Sonic.csproj", "{B29531B6-69B9-4FA6-86A2-91A18E0B9E24}"
EndProject
Global
	GlobalSection(SolutionConfigurationPlatforms) = preSolution
		Debug|Any CPU = Debug|Any CPU
		Release|Any CPU = Release|Any CPU
	EndGlobalSection
	GlobalSection(ProjectConfigurationPlatforms) = postSolution
		{B29531B6-69B9-4FA6-86A2-91A18E0B9E24}.Debug|Any CPU.ActiveCfg = Debug|Any CPU
		{B29531B6-69B9-4FA6-86A2-91A18E0B9E24}.Debug|Any CPU.Build.0 = Debug|Any CPU
		{B29531B6-69B9-4FA6-86A2-91A18E0B9E24}.Release|Any CPU.ActiveCfg = Release|Any CPU
		{B29531B6-69B9-4FA6-86A2-91A18E0B9E24}.Release|Any CPU.Build.0 = Release|Any CPU
	EndGlobalSection
EndGlobal
